github.com/Valdenirmezadri/go-logging v1.0.1 h1:BYDTQcn8iHA4Y8pY02hN2u4Cs+s98GsyEaVYd/DOs9o=
github.com/Valdenirmezadri/go-logging v1.0.1/go.mod h1:PoMs/RVPbxGMEwBN46oUiq6BJneiOtKne/2Rk3tD3kA=
gopkg.in/natefinch/lumberjack.v2 v2.2.1 h1:bBRl1b0OH9s/DuPhuXpNl+VtCaJXFZ5/uEFST95x9zc=
gopkg.in/natefinch/lumberjack.v2 v2.2.1/go.mod h1:YD8tP3GAjkrDg1eZH7EGmyESg/lsYskCTPBJVb9jqSc=
